// !$*UTF8*$!
{
	archiveVersion = 1;
	classes = {
	};
	objectVersion = 50;
	objects = {

/* Begin PBXBuildFile section */
		BA004A5023FCCA9F00E2F910 /* AppDelegate.swift in Sources */ = {isa = PBXBuildFile; fileRef = BA004A4F23FCCA9F00E2F910 /* AppDelegate.swift */; };
		BA004A5223FCCA9F00E2F910 /* SceneDelegate.swift in Sources */ = {isa = PBXBuildFile; fileRef = BA004A5123FCCA9F00E2F910 /* SceneDelegate.swift */; };
		BA004A5423FCCA9F00E2F910 /* ViewController.swift in Sources */ = {isa = PBXBuildFile; fileRef = BA004A5323FCCA9F00E2F910 /* ViewController.swift */; };
		BA004A5723FCCA9F00E2F910 /* Main.storyboard in Resources */ = {isa = PBXBuildFile; fileRef = BA004A5523FCCA9F00E2F910 /* Main.storyboard */; };
		BA004A5923FCCAA000E2F910 /* Assets.xcassets in Resources */ = {isa = PBXBuildFile; fileRef = BA004A5823FCCAA000E2F910 /* Assets.xcassets */; };
		BA004A5C23FCCAA000E2F910 /* LaunchScreen.storyboard in Resources */ = {isa = PBXBuildFile; fileRef = BA004A5A23FCCAA000E2F910 /* LaunchScreen.storyboard */; };
/* End PBXBuildFile section */

/* Begin PBXFileReference section */
		BA004A4C23FCCA9F00E2F910 /* KanjiReader.app */ = {isa = PBXFileReference; explicitFileType = wrapper.application; includeInIndex = 0; path = KanjiReader.app; sourceTree = BUILT_PRODUCTS_DIR; };
		BA004A4F23FCCA9F00E2F910 /* AppDelegate.swift */ = {isa = PBXFileReference; lastKnownFileType = sourcecode.swift; path = AppDelegate.swift; sourceTree = "<group>"; };
		BA004A5123FCCA9F00E2F910 /* SceneDelegate.swift */ = {isa = PBXFileReference; lastKnownFileType = sourcecode.swift; path = SceneDelegate.swift; sourceTree = "<group>"; };
		BA004A5323FCCA9F00E2F910 /* ViewController.swift */ = {isa = PBXFileReference; lastKnownFileType = sourcecode.swift; path = ViewController.swift; sourceTree = "<group>"; };
		BA004A5623FCCA9F00E2F910 /* Base */ = {isa = PBXFileReference; lastKnownFileType = file.storyboard; name = Base; path = Base.lproj/Main.storyboard; sourceTree = "<group>"; };
		BA004A5823FCCAA000E2F910 /* Assets.xcassets */ = {isa = PBXFileReference; lastKnownFileType = folder.assetcatalog; path = Assets.xcassets; sourceTree = "<group>"; };
		BA004A5B23FCCAA000E2F910 /* Base */ = {isa = PBXFileReference; lastKnownFileType = file.storyboard; name = Base; path = Base.lproj/LaunchScreen.storyboard; sourceTree = "<group>"; };
		BA004A5D23FCCAA000E2F910 /* Info.plist */ = {isa = PBXFileReference; lastKnownFileType = text.plist.xml; path = Info.plist; sourceTree = "<group>"; };
/* End PBXFileReference section */

/* Begin PBXFrameworksBuildPhase section */
		BA004A4923FCCA9F00E2F910 /* Frameworks */ = {
			isa = PBXFrameworksBuildPhase;
			buildActionMask = 2147483647;
			files = (
			);
			runOnlyForDeploymentPostprocessing = 0;
		};
/* End PBXFrameworksBuildPhase section */

/* Begin PBXGroup section */
		BA004A4323FCCA9F00E2F910 = {
			isa = PBXGroup;
			children = (
				BA004A4E23FCCA9F00E2F910 /* KanjiReader */,
				BA004A4D23FCCA9F00E2F910 /* Products */,
			);
			sourceTree = "<group>";
		};
		BA004A4D23FCCA9F00E2F910 /* Products */ = {
			isa = PBXGroup;
			children = (
				BA004A4C23FCCA9F00E2F910 /* KanjiReader.app */,
			);
			name = Products;
			sourceTree = "<group>";
		};
		BA004A4E23FCCA9F00E2F910 /* KanjiReader */ = {
			isa = PBXGroup;
			children = (
				BA004A4F23FCCA9F00E2F910 /* AppDelegate.swift */,
				BA004A5123FCCA9F00E2F910 /* SceneDelegate.swift */,
				BA004A5323FCCA9F00E2F910 /* ViewController.swift */,
				BA004A5523FCCA9F00E2F910 /* Main.storyboard */,
				BA004A5823FCCAA000E2F910 /* Assets.xcassets */,
				BA004A5A23FCCAA000E2F910 /* LaunchScreen.storyboard */,
				BA004A5D23FCCAA000E2F910 /* Info.plist */,
			);
			path = KanjiReader;
			sourceTree = "<group>";
		};
/* End PBXGroup section */

/* Begin PBXNativeTarget section */
		BA004A4B23FCCA9F00E2F910 /* KanjiReader */ = {
			isa = PBXNativeTarget;
			buildConfigurationList = BA004A6023FCCAA000E2F910 /* Build configuration list for PBXNativeTarget "KanjiReader" */;
			buildPhases = (
				BA004A4823FCCA9F00E2F910 /* Sources */,
				BA004A4923FCCA9F00E2F910 /* Frameworks */,
				BA004A4A23FCCA9F00E2F910 /* Resources */,
			);
			buildRules = (
			);
			dependencies = (
			);
			name = KanjiReader;
			productName = KanjiReader;
			productReference = BA004A4C23FCCA9F00E2F910 /* KanjiReader.app */;
			productType = "com.apple.product-type.application";
		};
/* End PBXNativeTarget section */

/* Begin PBXProject section */
		BA004A4423FCCA9F00E2F910 /* Project object */ = {
			isa = PBXProject;
			attributes = {
				LastSwiftUpdateCheck = 1130;
				LastUpgradeCheck = 1130;
				ORGANIZATIONNAME = "Jeongsik Lee";
				TargetAttributes = {
					BA004A4B23FCCA9F00E2F910 = {
						CreatedOnToolsVersion = 11.3.1;
					};
				};
			};
			buildConfigurationList = BA004A4723FCCA9F00E2F910 /* Build configuration list for PBXProject "KanjiReader" */;
			compatibilityVersion = "Xcode 9.3";
			developmentRegion = en;
			hasScannedForEncodings = 0;
			knownRegions = (
				en,
				Base,
			);
			mainGroup = BA004A4323FCCA9F00E2F910;
			productRefGroup = BA004A4D23FCCA9F00E2F910 /* Products */;
			projectDirPath = "";
			projectRoot = "";
			targets = (
				BA004A4B23FCCA9F00E2F910 /* KanjiReader */,
			);
		};
/* End PBXProject section */

/* Begin PBXResourcesBuildPhase section */
		BA004A4A23FCCA9F00E2F910 /* Resources */ = {
			isa = PBXResourcesBuildPhase;
			buildActionMask = 2147483647;
			files = (
				BA004A5C23FCCAA000E2F910 /* LaunchScreen.storyboard in Resources */,
				BA004A5923FCCAA000E2F910 /* Assets.xcassets in Resources */,
				BA004A5723FCCA9F00E2F910 /* Main.storyboard in Resources */,
			);
			runOnlyForDeploymentPostprocessing = 0;
		};
/* End PBXResourcesBuildPhase section */

/* Begin PBXSourcesBuildPhase section */
		BA004A4823FCCA9F00E2F910 /* Sources */ = {
			isa = PBXSourcesBuildPhase;
			buildActionMask = 2147483647;
			files = (
				BA004A5423FCCA9F00E2F910 /* ViewController.swift in Sources */,
				BA004A5023FCCA9F00E2F910 /* AppDelegate.swift in Sources */,
				BA004A5223FCCA9F00E2F910 /* SceneDelegate.swift in Sources */,
			);
			runOnlyForDeploymentPostprocessing = 0;
		};
/* End PBXSourcesBuildPhase section */

/* Begin PBXVariantGroup section */
		BA004A5523FCCA9F00E2F910 /* Main.storyboard */ = {
			isa = PBXVariantGroup;
			children = (
				BA004A5623FCCA9F00E2F910 /* Base */,
			);
			name = Main.storyboard;
			sourceTree = "<group>";
		};
		BA004A5A23FCCAA000E2F910 /* LaunchScreen.storyboard */ = {
			isa = PBXVariantGroup;
			children = (
				BA004A5B23FCCAA000E2F910 /* Base */,
			);
			name = LaunchScreen.storyboard;
			sourceTree = "<group>";
		};
/* End PBXVariantGroup section */

/* Begin XCBuildConfiguration section */
		BA004A5E23FCCAA000E2F910 /* Debug */ = {
			isa = XCBuildConfiguration;
			buildSettings = {
				ALWAYS_SEARCH_USER_PATHS = NO;
				CLANG_ANALYZER_NONNULL = YES;
				CLANG_ANALYZER_NUMBER_OBJECT_CONVERSION = YES_AGGRESSIVE;
				CLANG_CXX_LANGUAGE_STANDARD = "gnu++14";
				CLANG_CXX_LIBRARY = "libc++";
				CLANG_ENABLE_MODULES = YES;
				CLANG_ENABLE_OBJC_ARC = YES;
				CLANG_ENABLE_OBJC_WEAK = YES;
				CLANG_WARN_BLOCK_CAPTURE_AUTORELEASING = YES;
				CLANG_WARN_BOOL_CONVERSION = YES;
				CLANG_WARN_COMMA = YES;
				CLANG_WARN_CONSTANT_CONVERSION = YES;
				CLANG_WARN_DEPRECATED_OBJC_IMPLEMENTATIONS = YES;
				CLANG_WARN_DIRECT_OBJC_ISA_USAGE = YES_ERROR;
				CLANG_WARN_DOCUMENTATION_COMMENTS = YES;
				CLANG_WARN_EMPTY_BODY = YES;
				CLANG_WARN_ENUM_CONVERSION = YES;
				CLANG_WARN_INFINITE_RECURSION = YES;
				CLANG_WARN_INT_CONVERSION = YES;
				CLANG_WARN_NON_LITERAL_NULL_CONVERSION = YES;
				CLANG_WARN_OBJC_IMPLICIT_RETAIN_SELF = YES;
				CLANG_WARN_OBJC_LITERAL_CONVERSION = YES;
				CLANG_WARN_OBJC_ROOT_CLASS = YES_ERROR;
				CLANG_WARN_RANGE_LOOP_ANALYSIS = YES;
				CLANG_WARN_STRICT_PROTOTYPES = YES;
				CLANG_WARN_SUSPICIOUS_MOVE = YES;
				CLANG_WARN_UNGUARDED_AVAILABILITY = YES_AGGRESSIVE;
				CLANG_WARN_UNREACHABLE_CODE = YES;
				CLANG_WARN__DUPLICATE_METHOD_MATCH = YES;
				COPY_PHASE_STRIP = NO;
				DEBUG_INFORMATION_FORMAT = dwarf;
				ENABLE_STRICT_OBJC_MSGSEND = YES;
				ENABLE_TESTABILITY = YES;
				GCC_C_LANGUAGE_STANDARD = gnu11;
				GCC_DYNAMIC_NO_PIC = NO;
				GCC_NO_COMMON_BLOCKS = YES;
				GCC_OPTIMIZATION_LEVEL = 0;
				GCC_PREPROCESSOR_DEFINITIONS = (
					"DEBUG=1",
					"$(inherited)",
				);
				GCC_WARN_64_TO_32_BIT_CONVERSION = YES;
				GCC_WARN_ABOUT_RETURN_TYPE = YES_ERROR;
				GCC_WARN_UNDECLARED_SELECTOR = YES;
				GCC_WARN_UNINITIALIZED_AUTOS = YES_AGGRESSIVE;
				GCC_WARN_UNUSED_FUNCTION = YES;
				GCC_WARN_UNUSED_VARIABLE = YES;
				IPHONEOS_DEPLOYMENT_TARGET = 13.2;
				MTL_ENABLE_DEBUG_INFO = INCLUDE_SOURCE;
				MTL_FAST_MATH = YES;
				ONLY_ACTIVE_ARCH = YES;
				SDKROOT = iphoneos;
				SWIFT_ACTIVE_COMPILATION_CONDITIONS = DEBUG;
				SWIFT_OPTIMIZATION_LEVEL = "-Onone";
			};
			name = Debug;
		};
		BA004A5F23FCCAA000E2F910 /* Release */ = {
			isa = XCBuildConfiguration;
			buildSettings = {
				ALWAYS_SEARCH_USER_PATHS = NO;
				CLANG_ANALYZER_NONNULL = YES;
				CLANG_ANALYZER_NUMBER_OBJECT_CONVERSION = YES_AGGRESSIVE;
				CLANG_CXX_LANGUAGE_STANDARD = "gnu++14";
				CLANG_CXX_LIBRARY = "libc++";
				CLANG_ENABLE_MODULES = YES;
				CLANG_ENABLE_OBJC_ARC = YES;
				CLANG_ENABLE_OBJC_WEAK = YES;
				CLANG_WARN_BLOCK_CAPTURE_AUTORELEASING = YES;
				CLANG_WARN_BOOL_CONVERSION = YES;
				CLANG_WARN_COMMA = YES;
				CLANG_WARN_CONSTANT_CONVERSION = YES;
				CLANG_WARN_DEPRECATED_OBJC_IMPLEMENTATIONS = YES;
				CLANG_WARN_DIRECT_OBJC_ISA_USAGE = YES_ERROR;
				CLANG_WARN_DOCUMENTATION_COMMENTS = YES;
				CLANG_WARN_EMPTY_BODY = YES;
				CLANG_WARN_ENUM_CONVERSION = YES;
				CLANG_WARN_INFINITE_RECURSION = YES;
				CLANG_WARN_INT_CONVERSION = YES;
				CLANG_WARN_NON_LITERAL_NULL_CONVERSION = YES;
				CLANG_WARN_OBJC_IMPLICIT_RETAIN_SELF = YES;
				CLANG_WARN_OBJC_LITERAL_CONVERSION = YES;
				CLANG_WARN_OBJC_ROOT_CLASS = YES_ERROR;
				CLANG_WARN_RANGE_LOOP_ANALYSIS = YES;
				CLANG_WARN_STRICT_PROTOTYPES = YES;
				CLANG_WARN_SUSPICIOUS_MOVE = YES;
				CLANG_WARN_UNGUARDED_AVAILABILITY = YES_AGGRESSIVE;
				CLANG_WARN_UNREACHABLE_CODE = YES;
				CLANG_WARN__DUPLICATE_METHOD_MATCH = YES;
				COPY_PHASE_STRIP = NO;
				DEBUG_INFORMATION_FORMAT = "dwarf-with-dsym";
				ENABLE_NS_ASSERTIONS = NO;
				ENABLE_STRICT_OBJC_MSGSEND = YES;
				GCC_C_LANGUAGE_STANDARD = gnu11;
				GCC_NO_COMMON_BLOCKS = YES;
				GCC_WARN_64_TO_32_BIT_CONVERSION = YES;
				GCC_WARN_ABOUT_RETURN_TYPE = YES_ERROR;
				GCC_WARN_UNDECLARED_SELECTOR = YES;
				GCC_WARN_UNINITIALIZED_AUTOS = YES_AGGRESSIVE;
				GCC_WARN_UNUSED_FUNCTION = YES;
				GCC_WARN_UNUSED_VARIABLE = YES;
				IPHONEOS_DEPLOYMENT_TARGET = 13.2;
				MTL_ENABLE_DEBUG_INFO = NO;
				MTL_FAST_MATH = YES;
				SDKROOT = iphoneos;
				SWIFT_COMPILATION_MODE = wholemodule;
				SWIFT_OPTIMIZATION_LEVEL = "-O";
				VALIDATE_PRODUCT = YES;
			};
			name = Release;
		};
		BA004A6123FCCAA000E2F910 /* Debug */ = {
			isa = XCBuildConfiguration;
			buildSettings = {
				ASSETCATALOG_COMPILER_APPICON_NAME = AppIcon;
				CODE_SIGN_STYLE = Automatic;
				DEVELOPMENT_TEAM = S4PQJQTV7S;
				INFOPLIST_FILE = KanjiReader/Info.plist;
				LD_RUNPATH_SEARCH_PATHS = (
					"$(inherited)",
					"@executable_path/Frameworks",
				);
				PRODUCT_BUNDLE_IDENTIFIER = com.jeongsik.lee.KanjiReader;
				PRODUCT_NAME = "$(TARGET_NAME)";
				SWIFT_VERSION = 5.0;
				TARGETED_DEVICE_FAMILY = "1,2";
			};
			name = Debug;
		};
		BA004A6223FCCAA000E2F910 /* Release */ = {
			isa = XCBuildConfiguration;
			buildSettings = {
				ASSETCATALOG_COMPILER_APPICON_NAME = AppIcon;
				CODE_SIGN_STYLE = Automatic;
				DEVELOPMENT_TEAM = S4PQJQTV7S;
				INFOPLIST_FILE = KanjiReader/Info.plist;
				LD_RUNPATH_SEARCH_PATHS = (
					"$(inherited)",
					"@executable_path/Frameworks",
				);
				PRODUCT_BUNDLE_IDENTIFIER = com.jeongsik.lee.KanjiReader;
				PRODUCT_NAME = "$(TARGET_NAME)";
				SWIFT_VERSION = 5.0;
				TARGETED_DEVICE_FAMILY = "1,2";
			};
			name = Release;
		};
/* End XCBuildConfiguration section */

/* Begin XCConfigurationList section */
		BA004A4723FCCA9F00E2F910 /* Build configuration list for PBXProject "KanjiReader" */ = {
			isa = XCConfigurationList;
			buildConfigurations = (
				BA004A5E23FCCAA000E2F910 /* Debug */,
				BA004A5F23FCCAA000E2F910 /* Release */,
			);
			defaultConfigurationIsVisible = 0;
			defaultConfigurationName = Release;
		};
		BA004A6023FCCAA000E2F910 /* Build configuration list for PBXNativeTarget "KanjiReader" */ = {
			isa = XCConfigurationList;
			buildConfigurations = (
				BA004A6123FCCAA000E2F910 /* Debug */,
				BA004A6223FCCAA000E2F910 /* Release */,
			);
			defaultConfigurationIsVisible = 0;
			defaultConfigurationName = Release;
		};
/* End XCConfigurationList section */
	};
	rootObject = BA004A4423FCCA9F00E2F910 /* Project object */;
}
